// !$*UTF8*$!
{
	archiveVersion = 1;
	classes = {
	};
	objectVersion = 46;
	objects = {

/* Begin PBXBuildFile section */
		1D3623260D0F684500981E51 /* AppDelegate.m in Sources */ = {isa = PBXBuildFile; fileRef = 1D3623250D0F684500981E51 /* AppDelegate.m */; };
		1D60589B0D05DD56006BFB54 /* main.m in Sources */ = {isa = PBXBuildFile; fileRef = 29B97316FDCFA39411CA2CEA /* main.m */; };
		1D60589F0D05DD5A006BFB54 /* Foundation.framework in Frameworks */ = {isa = PBXBuildFile; fileRef = 1D30AB110D05D00D00671497 /* Foundation.framework */; };
		1DF5F4E00D08C38300B7A737 /* UIKit.framework in Frameworks */ = {isa = PBXBuildFile; fileRef = 1DF5F4DF0D08C38300B7A737 /* UIKit.framework */; settings = {ATTRIBUTES = (Weak, ); }; };
		288765FD0DF74451002DB57D /* CoreGraphics.framework in Frameworks */ = {isa = PBXBuildFile; fileRef = 288765FC0DF74451002DB57D /* CoreGraphics.framework */; };
		301BF570109A69640062928A /* www in Resources */ = {isa = PBXBuildFile; fileRef = 301BF56E109A69640062928A /* www */; };
		301BF5B5109A6A2B0062928A /* AddressBook.framework in Frameworks */ = {isa = PBXBuildFile; fileRef = 301BF5B4109A6A2B0062928A /* AddressBook.framework */; };
		301BF5B7109A6A2B0062928A /* AddressBookUI.framework in Frameworks */ = {isa = PBXBuildFile; fileRef = 301BF5B6109A6A2B0062928A /* AddressBookUI.framework */; };
		301BF5B9109A6A2B0062928A /* AudioToolbox.framework in Frameworks */ = {isa = PBXBuildFile; fileRef = 301BF5B8109A6A2B0062928A /* AudioToolbox.framework */; };
		301BF5BB109A6A2B0062928A /* AVFoundation.framework in Frameworks */ = {isa = PBXBuildFile; fileRef = 301BF5BA109A6A2B0062928A /* AVFoundation.framework */; settings = {ATTRIBUTES = (Weak, ); }; };
		301BF5BD109A6A2B0062928A /* CFNetwork.framework in Frameworks */ = {isa = PBXBuildFile; fileRef = 301BF5BC109A6A2B0062928A /* CFNetwork.framework */; };
		301BF5BF109A6A2B0062928A /* CoreLocation.framework in Frameworks */ = {isa = PBXBuildFile; fileRef = 301BF5BE109A6A2B0062928A /* CoreLocation.framework */; };
		301BF5C1109A6A2B0062928A /* MediaPlayer.framework in Frameworks */ = {isa = PBXBuildFile; fileRef = 301BF5C0109A6A2B0062928A /* MediaPlayer.framework */; };
		301BF5C3109A6A2B0062928A /* QuartzCore.framework in Frameworks */ = {isa = PBXBuildFile; fileRef = 301BF5C2109A6A2B0062928A /* QuartzCore.framework */; };
		301BF5C5109A6A2B0062928A /* SystemConfiguration.framework in Frameworks */ = {isa = PBXBuildFile; fileRef = 301BF5C4109A6A2B0062928A /* SystemConfiguration.framework */; };
		302D95F114D2391D003F00A1 /* MainViewController.m in Sources */ = {isa = PBXBuildFile; fileRef = 302D95EF14D2391D003F00A1 /* MainViewController.m */; };
		305D5FD1115AB8F900A74A75 /* MobileCoreServices.framework in Frameworks */ = {isa = PBXBuildFile; fileRef = 305D5FD0115AB8F900A74A75 /* MobileCoreServices.framework */; };
		30E5649213A7FCAF007403D8 /* CoreMedia.framework in Frameworks */ = {isa = PBXBuildFile; fileRef = 30E5649113A7FCAF007403D8 /* CoreMedia.framework */; settings = {ATTRIBUTES = (Weak, ); }; };
		650EC57D24842884000A8E4A /* Camera.wav in Resources */ = {isa = PBXBuildFile; fileRef = 650EC57C24842884000A8E4A /* Camera.wav */; };
		650EFB481E4FDEE30053F3DE /* ExternalAccessory.framework in Frameworks */ = {isa = PBXBuildFile; fileRef = 650EFB471E4FDEE30053F3DE /* ExternalAccessory.framework */; };
		650EFB631E4FE6A00053F3DE /* CoreTelephony.framework in Frameworks */ = {isa = PBXBuildFile; fileRef = 650EFB621E4FE6A00053F3DE /* CoreTelephony.framework */; };
		650EFB6C1E52606E0053F3DE /* Images.xcassets in Resources */ = {isa = PBXBuildFile; fileRef = 650EFB6B1E52606E0053F3DE /* Images.xcassets */; };
		653446FC23D3A71F00B20D23 /* CameraViewController.m in Sources */ = {isa = PBXBuildFile; fileRef = 653446FA23D3A71F00B20D23 /* CameraViewController.m */; };
		653446FD23D3A71F00B20D23 /* CameraViewController.xib in Resources */ = {isa = PBXBuildFile; fileRef = 653446FB23D3A71F00B20D23 /* CameraViewController.xib */; };
		6534470023D3E82600B20D23 /* UIColor+HexString.m in Sources */ = {isa = PBXBuildFile; fileRef = 653446FF23D3E82600B20D23 /* UIColor+HexString.m */; };
		6534470323D522F300B20D23 /* RKNativeJSBridge.m in Sources */ = {isa = PBXBuildFile; fileRef = 6534470223D522F300B20D23 /* RKNativeJSBridge.m */; };
		65703CCD23D67BB600ABF0FB /* RKNativeJSCommand.m in Sources */ = {isa = PBXBuildFile; fileRef = 65703CCC23D67BB600ABF0FB /* RKNativeJSCommand.m */; };
		6591E2A423E61501006B38F0 /* MainViewController.xib in Resources */ = {isa = PBXBuildFile; fileRef = 6591E2A323E61501006B38F0 /* MainViewController.xib */; };
		6591E2A823E61A3A006B38F0 /* InitialSetupViewController.m in Sources */ = {isa = PBXBuildFile; fileRef = 6591E2A623E61A3A006B38F0 /* InitialSetupViewController.m */; };
		6591E2A923E61A3A006B38F0 /* InitialSetupViewController.xib in Resources */ = {isa = PBXBuildFile; fileRef = 6591E2A723E61A3A006B38F0 /* InitialSetupViewController.xib */; };
		65996186215AAEFC0065A094 /* SettingsViewController.m in Sources */ = {isa = PBXBuildFile; fileRef = 65996184215AAEFC0065A094 /* SettingsViewController.m */; };
		65996187215AAEFC0065A094 /* SettingsViewController.xib in Resources */ = {isa = PBXBuildFile; fileRef = 65996185215AAEFC0065A094 /* SettingsViewController.xib */; };
		659973FF225569A40059174E /* FastSocket.m in Sources */ = {isa = PBXBuildFile; fileRef = 659973FE225569A40059174E /* FastSocket.m */; };
		65A1577321594DFB009DC910 /* RKBLEZebraPrint.m in Sources */ = {isa = PBXBuildFile; fileRef = 65A1577221594DFB009DC910 /* RKBLEZebraPrint.m */; };
		65A1577621594EDC009DC910 /* CoreBluetooth.framework in Frameworks */ = {isa = PBXBuildFile; fileRef = 65A1577521594EDC009DC910 /* CoreBluetooth.framework */; };
		65C56F4323E7918E004C265F /* WKWebViewUIDelegate.m in Sources */ = {isa = PBXBuildFile; fileRef = 65C56F4223E7918E004C265F /* WKWebViewUIDelegate.m */; };
		65D9EDBE2142E8A800F43C5E /* WebKit.framework in Frameworks */ = {isa = PBXBuildFile; fileRef = 65D9EDBD2142E8A800F43C5E /* WebKit.framework */; };
		9E4B9AA216E5D49200538D9E /* EGOCache.m in Sources */ = {isa = PBXBuildFile; fileRef = 9E4B9AA116E5D49200538D9E /* EGOCache.m */; };
		9E55AE1716D73EB500C2CBB1 /* ZebraPrint.m in Sources */ = {isa = PBXBuildFile; fileRef = 9E55AE1616D73EB500C2CBB1 /* ZebraPrint.m */; };
		9E55AE4116D88BD700C2CBB1 /* NSObject+SBJson.m in Sources */ = {isa = PBXBuildFile; fileRef = 9E55AE2916D88BD700C2CBB1 /* NSObject+SBJson.m */; };
		9E55AE4216D88BD700C2CBB1 /* SBJsonParser.m in Sources */ = {isa = PBXBuildFile; fileRef = 9E55AE2C16D88BD700C2CBB1 /* SBJsonParser.m */; };
		9E55AE4316D88BD700C2CBB1 /* SBJsonStreamParser.m in Sources */ = {isa = PBXBuildFile; fileRef = 9E55AE2E16D88BD700C2CBB1 /* SBJsonStreamParser.m */; };
		9E55AE4416D88BD700C2CBB1 /* SBJsonStreamParserAccumulator.m in Sources */ = {isa = PBXBuildFile; fileRef = 9E55AE3016D88BD700C2CBB1 /* SBJsonStreamParserAccumulator.m */; };
		9E55AE4516D88BD700C2CBB1 /* SBJsonStreamParserAdapter.m in Sources */ = {isa = PBXBuildFile; fileRef = 9E55AE3216D88BD700C2CBB1 /* SBJsonStreamParserAdapter.m */; };
		9E55AE4616D88BD700C2CBB1 /* SBJsonStreamParserState.m in Sources */ = {isa = PBXBuildFile; fileRef = 9E55AE3416D88BD700C2CBB1 /* SBJsonStreamParserState.m */; };
		9E55AE4716D88BD700C2CBB1 /* SBJsonStreamWriter.m in Sources */ = {isa = PBXBuildFile; fileRef = 9E55AE3616D88BD700C2CBB1 /* SBJsonStreamWriter.m */; };
		9E55AE4816D88BD700C2CBB1 /* SBJsonStreamWriterAccumulator.m in Sources */ = {isa = PBXBuildFile; fileRef = 9E55AE3816D88BD700C2CBB1 /* SBJsonStreamWriterAccumulator.m */; };
		9E55AE4916D88BD700C2CBB1 /* SBJsonStreamWriterState.m in Sources */ = {isa = PBXBuildFile; fileRef = 9E55AE3A16D88BD700C2CBB1 /* SBJsonStreamWriterState.m */; };
		9E55AE4A16D88BD700C2CBB1 /* SBJsonTokeniser.m in Sources */ = {isa = PBXBuildFile; fileRef = 9E55AE3C16D88BD700C2CBB1 /* SBJsonTokeniser.m */; };
		9E55AE4B16D88BD700C2CBB1 /* SBJsonUTF8Stream.m in Sources */ = {isa = PBXBuildFile; fileRef = 9E55AE3E16D88BD700C2CBB1 /* SBJsonUTF8Stream.m */; };
		9E55AE4C16D88BD700C2CBB1 /* SBJsonWriter.m in Sources */ = {isa = PBXBuildFile; fileRef = 9E55AE4016D88BD700C2CBB1 /* SBJsonWriter.m */; };
		9E55AE5B16D88D6200C2CBB1 /* Readme.rtf in Resources */ = {isa = PBXBuildFile; fileRef = 9E55AE5A16D88D6200C2CBB1 /* Readme.rtf */; };
		9E8C40341975F10A00DC66C4 /* app-notes.txt in Resources */ = {isa = PBXBuildFile; fileRef = 9E8C40331975F10A00DC66C4 /* app-notes.txt */; };
		9EE5B81E16E457CB00D0D311 /* Settings.bundle in Resources */ = {isa = PBXBuildFile; fileRef = 9EE5B81D16E457CB00D0D311 /* Settings.bundle */; };
/* End PBXBuildFile section */

/* Begin PBXFileReference section */
		1D30AB110D05D00D00671497 /* Foundation.framework */ = {isa = PBXFileReference; lastKnownFileType = wrapper.framework; name = Foundation.framework; path = System/Library/Frameworks/Foundation.framework; sourceTree = SDKROOT; };
		1D3623240D0F684500981E51 /* AppDelegate.h */ = {isa = PBXFileReference; fileEncoding = 4; lastKnownFileType = sourcecode.c.h; path = AppDelegate.h; sourceTree = "<group>"; };
		1D3623250D0F684500981E51 /* AppDelegate.m */ = {isa = PBXFileReference; fileEncoding = 4; lastKnownFileType = sourcecode.c.objc; path = AppDelegate.m; sourceTree = "<group>"; };
		1D6058910D05DD3D006BFB54 /* Rock Check-in.app */ = {isa = PBXFileReference; explicitFileType = wrapper.application; includeInIndex = 0; path = "Rock Check-in.app"; sourceTree = BUILT_PRODUCTS_DIR; };
		1DF5F4DF0D08C38300B7A737 /* UIKit.framework */ = {isa = PBXFileReference; lastKnownFileType = wrapper.framework; name = UIKit.framework; path = System/Library/Frameworks/UIKit.framework; sourceTree = SDKROOT; };
		288765FC0DF74451002DB57D /* CoreGraphics.framework */ = {isa = PBXFileReference; lastKnownFileType = wrapper.framework; name = CoreGraphics.framework; path = System/Library/Frameworks/CoreGraphics.framework; sourceTree = SDKROOT; };
		29B97316FDCFA39411CA2CEA /* main.m */ = {isa = PBXFileReference; fileEncoding = 4; lastKnownFileType = sourcecode.c.objc; path = main.m; sourceTree = "<group>"; };
		301BF56E109A69640062928A /* www */ = {isa = PBXFileReference; lastKnownFileType = folder; path = www; sourceTree = SOURCE_ROOT; };
		301BF5B4109A6A2B0062928A /* AddressBook.framework */ = {isa = PBXFileReference; lastKnownFileType = wrapper.framework; name = AddressBook.framework; path = System/Library/Frameworks/AddressBook.framework; sourceTree = SDKROOT; };
		301BF5B6109A6A2B0062928A /* AddressBookUI.framework */ = {isa = PBXFileReference; lastKnownFileType = wrapper.framework; name = AddressBookUI.framework; path = System/Library/Frameworks/AddressBookUI.framework; sourceTree = SDKROOT; };
		301BF5B8109A6A2B0062928A /* AudioToolbox.framework */ = {isa = PBXFileReference; lastKnownFileType = wrapper.framework; name = AudioToolbox.framework; path = System/Library/Frameworks/AudioToolbox.framework; sourceTree = SDKROOT; };
		301BF5BA109A6A2B0062928A /* AVFoundation.framework */ = {isa = PBXFileReference; lastKnownFileType = wrapper.framework; name = AVFoundation.framework; path = System/Library/Frameworks/AVFoundation.framework; sourceTree = SDKROOT; };
		301BF5BC109A6A2B0062928A /* CFNetwork.framework */ = {isa = PBXFileReference; lastKnownFileType = wrapper.framework; name = CFNetwork.framework; path = System/Library/Frameworks/CFNetwork.framework; sourceTree = SDKROOT; };
		301BF5BE109A6A2B0062928A /* CoreLocation.framework */ = {isa = PBXFileReference; lastKnownFileType = wrapper.framework; name = CoreLocation.framework; path = System/Library/Frameworks/CoreLocation.framework; sourceTree = SDKROOT; };
		301BF5C0109A6A2B0062928A /* MediaPlayer.framework */ = {isa = PBXFileReference; lastKnownFileType = wrapper.framework; name = MediaPlayer.framework; path = System/Library/Frameworks/MediaPlayer.framework; sourceTree = SDKROOT; };
		301BF5C2109A6A2B0062928A /* QuartzCore.framework */ = {isa = PBXFileReference; lastKnownFileType = wrapper.framework; name = QuartzCore.framework; path = System/Library/Frameworks/QuartzCore.framework; sourceTree = SDKROOT; };
		301BF5C4109A6A2B0062928A /* SystemConfiguration.framework */ = {isa = PBXFileReference; lastKnownFileType = wrapper.framework; name = SystemConfiguration.framework; path = System/Library/Frameworks/SystemConfiguration.framework; sourceTree = SDKROOT; };
		302D95EE14D2391D003F00A1 /* MainViewController.h */ = {isa = PBXFileReference; fileEncoding = 4; lastKnownFileType = sourcecode.c.h; path = MainViewController.h; sourceTree = "<group>"; };
		302D95EF14D2391D003F00A1 /* MainViewController.m */ = {isa = PBXFileReference; fileEncoding = 4; lastKnownFileType = sourcecode.c.objc; path = MainViewController.m; sourceTree = "<group>"; };
		305D5FD0115AB8F900A74A75 /* MobileCoreServices.framework */ = {isa = PBXFileReference; lastKnownFileType = wrapper.framework; name = MobileCoreServices.framework; path = System/Library/Frameworks/MobileCoreServices.framework; sourceTree = SDKROOT; };
		30E5649113A7FCAF007403D8 /* CoreMedia.framework */ = {isa = PBXFileReference; lastKnownFileType = wrapper.framework; name = CoreMedia.framework; path = System/Library/Frameworks/CoreMedia.framework; sourceTree = SDKROOT; };
		32CA4F630368D1EE00C91783 /* RockCheckin-Prefix.pch */ = {isa = PBXFileReference; fileEncoding = 4; lastKnownFileType = sourcecode.c.h; path = "RockCheckin-Prefix.pch"; sourceTree = "<group>"; };
		650EC57C24842884000A8E4A /* Camera.wav */ = {isa = PBXFileReference; lastKnownFileType = audio.wav; path = Camera.wav; sourceTree = "<group>"; };
		650EFB471E4FDEE30053F3DE /* ExternalAccessory.framework */ = {isa = PBXFileReference; lastKnownFileType = wrapper.framework; name = ExternalAccessory.framework; path = System/Library/Frameworks/ExternalAccessory.framework; sourceTree = SDKROOT; };
		650EFB621E4FE6A00053F3DE /* CoreTelephony.framework */ = {isa = PBXFileReference; lastKnownFileType = wrapper.framework; name = CoreTelephony.framework; path = System/Library/Frameworks/CoreTelephony.framework; sourceTree = SDKROOT; };
		650EFB6B1E52606E0053F3DE /* Images.xcassets */ = {isa = PBXFileReference; lastKnownFileType = folder.assetcatalog; name = Images.xcassets; path = RockCheckin/Images.xcassets; sourceTree = SOURCE_ROOT; };
		653446F923D3A71F00B20D23 /* CameraViewController.h */ = {isa = PBXFileReference; lastKnownFileType = sourcecode.c.h; path = CameraViewController.h; sourceTree = "<group>"; };
		653446FA23D3A71F00B20D23 /* CameraViewController.m */ = {isa = PBXFileReference; lastKnownFileType = sourcecode.c.objc; path = CameraViewController.m; sourceTree = "<group>"; };
		653446FB23D3A71F00B20D23 /* CameraViewController.xib */ = {isa = PBXFileReference; lastKnownFileType = file.xib; path = CameraViewController.xib; sourceTree = "<group>"; };
		653446FE23D3E82600B20D23 /* UIColor+HexString.h */ = {isa = PBXFileReference; lastKnownFileType = sourcecode.c.h; path = "UIColor+HexString.h"; sourceTree = "<group>"; };
		653446FF23D3E82600B20D23 /* UIColor+HexString.m */ = {isa = PBXFileReference; lastKnownFileType = sourcecode.c.objc; path = "UIColor+HexString.m"; sourceTree = "<group>"; };
		6534470123D522F300B20D23 /* RKNativeJSBridge.h */ = {isa = PBXFileReference; lastKnownFileType = sourcecode.c.h; path = RKNativeJSBridge.h; sourceTree = "<group>"; };
		6534470223D522F300B20D23 /* RKNativeJSBridge.m */ = {isa = PBXFileReference; lastKnownFileType = sourcecode.c.objc; path = RKNativeJSBridge.m; sourceTree = "<group>"; };
		65703CCB23D67BB500ABF0FB /* RKNativeJSCommand.h */ = {isa = PBXFileReference; lastKnownFileType = sourcecode.c.h; path = RKNativeJSCommand.h; sourceTree = "<group>"; };
		65703CCC23D67BB600ABF0FB /* RKNativeJSCommand.m */ = {isa = PBXFileReference; lastKnownFileType = sourcecode.c.objc; path = RKNativeJSCommand.m; sourceTree = "<group>"; };
		6591E2A323E61501006B38F0 /* MainViewController.xib */ = {isa = PBXFileReference; lastKnownFileType = file.xib; path = MainViewController.xib; sourceTree = "<group>"; };
		6591E2A523E61A3A006B38F0 /* InitialSetupViewController.h */ = {isa = PBXFileReference; lastKnownFileType = sourcecode.c.h; path = InitialSetupViewController.h; sourceTree = "<group>"; };
		6591E2A623E61A3A006B38F0 /* InitialSetupViewController.m */ = {isa = PBXFileReference; lastKnownFileType = sourcecode.c.objc; path = InitialSetupViewController.m; sourceTree = "<group>"; };
		6591E2A723E61A3A006B38F0 /* InitialSetupViewController.xib */ = {isa = PBXFileReference; lastKnownFileType = file.xib; path = InitialSetupViewController.xib; sourceTree = "<group>"; };
		65996183215AAEFC0065A094 /* SettingsViewController.h */ = {isa = PBXFileReference; lastKnownFileType = sourcecode.c.h; path = SettingsViewController.h; sourceTree = "<group>"; };
		65996184215AAEFC0065A094 /* SettingsViewController.m */ = {isa = PBXFileReference; lastKnownFileType = sourcecode.c.objc; path = SettingsViewController.m; sourceTree = "<group>"; };
		65996185215AAEFC0065A094 /* SettingsViewController.xib */ = {isa = PBXFileReference; lastKnownFileType = file.xib; path = SettingsViewController.xib; sourceTree = "<group>"; };
		659973FD225569A40059174E /* FastSocket.h */ = {isa = PBXFileReference; lastKnownFileType = sourcecode.c.h; path = FastSocket.h; sourceTree = "<group>"; };
		659973FE225569A40059174E /* FastSocket.m */ = {isa = PBXFileReference; lastKnownFileType = sourcecode.c.objc; path = FastSocket.m; sourceTree = "<group>"; };
		65A1577121594DFB009DC910 /* RKBLEZebraPrint.h */ = {isa = PBXFileReference; lastKnownFileType = sourcecode.c.h; path = RKBLEZebraPrint.h; sourceTree = "<group>"; };
		65A1577221594DFB009DC910 /* RKBLEZebraPrint.m */ = {isa = PBXFileReference; lastKnownFileType = sourcecode.c.objc; path = RKBLEZebraPrint.m; sourceTree = "<group>"; };
		65A1577521594EDC009DC910 /* CoreBluetooth.framework */ = {isa = PBXFileReference; lastKnownFileType = wrapper.framework; name = CoreBluetooth.framework; path = System/Library/Frameworks/CoreBluetooth.framework; sourceTree = SDKROOT; };
		65AADE291E89EB2D00587E37 /* app-review-notes.txt */ = {isa = PBXFileReference; lastKnownFileType = text; path = "app-review-notes.txt"; sourceTree = "<group>"; };
		65C56F4123E7918E004C265F /* WKWebViewUIDelegate.h */ = {isa = PBXFileReference; lastKnownFileType = sourcecode.c.h; path = WKWebViewUIDelegate.h; sourceTree = "<group>"; };
		65C56F4223E7918E004C265F /* WKWebViewUIDelegate.m */ = {isa = PBXFileReference; lastKnownFileType = sourcecode.c.objc; path = WKWebViewUIDelegate.m; sourceTree = "<group>"; };
		65D9EDBD2142E8A800F43C5E /* WebKit.framework */ = {isa = PBXFileReference; lastKnownFileType = wrapper.framework; name = WebKit.framework; path = System/Library/Frameworks/WebKit.framework; sourceTree = SDKROOT; };
		8D1107310486CEB800E47090 /* RockCheckin-Info.plist */ = {isa = PBXFileReference; fileEncoding = 4; lastKnownFileType = text.plist.xml; path = "RockCheckin-Info.plist"; plistStructureDefinitionIdentifier = "com.apple.xcode.plist.structure-definition.iphone.info-plist"; sourceTree = "<group>"; };
		9E4B9AA016E5D49200538D9E /* EGOCache.h */ = {isa = PBXFileReference; fileEncoding = 4; lastKnownFileType = sourcecode.c.h; path = EGOCache.h; sourceTree = "<group>"; };
		9E4B9AA116E5D49200538D9E /* EGOCache.m */ = {isa = PBXFileReference; fileEncoding = 4; lastKnownFileType = sourcecode.c.objc; path = EGOCache.m; sourceTree = "<group>"; };
		9E55AE1516D73EB500C2CBB1 /* ZebraPrint.h */ = {isa = PBXFileReference; fileEncoding = 4; lastKnownFileType = sourcecode.c.h; path = ZebraPrint.h; sourceTree = "<group>"; };
		9E55AE1616D73EB500C2CBB1 /* ZebraPrint.m */ = {isa = PBXFileReference; fileEncoding = 4; lastKnownFileType = sourcecode.c.objc; path = ZebraPrint.m; sourceTree = "<group>"; };
		9E55AE2816D88BD700C2CBB1 /* NSObject+SBJson.h */ = {isa = PBXFileReference; fileEncoding = 4; lastKnownFileType = sourcecode.c.h; name = "NSObject+SBJson.h"; path = "../../NSObject+SBJson.h"; sourceTree = "<group>"; };
		9E55AE2916D88BD700C2CBB1 /* NSObject+SBJson.m */ = {isa = PBXFileReference; fileEncoding = 4; lastKnownFileType = sourcecode.c.objc; name = "NSObject+SBJson.m"; path = "../../NSObject+SBJson.m"; sourceTree = "<group>"; };
		9E55AE2A16D88BD700C2CBB1 /* SBJson.h */ = {isa = PBXFileReference; fileEncoding = 4; lastKnownFileType = sourcecode.c.h; name = SBJson.h; path = ../../SBJson.h; sourceTree = "<group>"; };
		9E55AE2B16D88BD700C2CBB1 /* SBJsonParser.h */ = {isa = PBXFileReference; fileEncoding = 4; lastKnownFileType = sourcecode.c.h; name = SBJsonParser.h; path = ../../SBJsonParser.h; sourceTree = "<group>"; };
		9E55AE2C16D88BD700C2CBB1 /* SBJsonParser.m */ = {isa = PBXFileReference; fileEncoding = 4; lastKnownFileType = sourcecode.c.objc; name = SBJsonParser.m; path = ../../SBJsonParser.m; sourceTree = "<group>"; };
		9E55AE2D16D88BD700C2CBB1 /* SBJsonStreamParser.h */ = {isa = PBXFileReference; fileEncoding = 4; lastKnownFileType = sourcecode.c.h; name = SBJsonStreamParser.h; path = ../../SBJsonStreamParser.h; sourceTree = "<group>"; };
		9E55AE2E16D88BD700C2CBB1 /* SBJsonStreamParser.m */ = {isa = PBXFileReference; fileEncoding = 4; lastKnownFileType = sourcecode.c.objc; name = SBJsonStreamParser.m; path = ../../SBJsonStreamParser.m; sourceTree = "<group>"; };
		9E55AE2F16D88BD700C2CBB1 /* SBJsonStreamParserAccumulator.h */ = {isa = PBXFileReference; fileEncoding = 4; lastKnownFileType = sourcecode.c.h; name = SBJsonStreamParserAccumulator.h; path = ../../SBJsonStreamParserAccumulator.h; sourceTree = "<group>"; };
		9E55AE3016D88BD700C2CBB1 /* SBJsonStreamParserAccumulator.m */ = {isa = PBXFileReference; fileEncoding = 4; lastKnownFileType = sourcecode.c.objc; name = SBJsonStreamParserAccumulator.m; path = ../../SBJsonStreamParserAccumulator.m; sourceTree = "<group>"; };
		9E55AE3116D88BD700C2CBB1 /* SBJsonStreamParserAdapter.h */ = {isa = PBXFileReference; fileEncoding = 4; lastKnownFileType = sourcecode.c.h; name = SBJsonStreamParserAdapter.h; path = ../../SBJsonStreamParserAdapter.h; sourceTree = "<group>"; };
		9E55AE3216D88BD700C2CBB1 /* SBJsonStreamParserAdapter.m */ = {isa = PBXFileReference; fileEncoding = 4; lastKnownFileType = sourcecode.c.objc; name = SBJsonStreamParserAdapter.m; path = ../../SBJsonStreamParserAdapter.m; sourceTree = "<group>"; };
		9E55AE3316D88BD700C2CBB1 /* SBJsonStreamParserState.h */ = {isa = PBXFileReference; fileEncoding = 4; lastKnownFileType = sourcecode.c.h; name = SBJsonStreamParserState.h; path = ../../SBJsonStreamParserState.h; sourceTree = "<group>"; };
		9E55AE3416D88BD700C2CBB1 /* SBJsonStreamParserState.m */ = {isa = PBXFileReference; fileEncoding = 4; lastKnownFileType = sourcecode.c.objc; name = SBJsonStreamParserState.m; path = ../../SBJsonStreamParserState.m; sourceTree = "<group>"; };
		9E55AE3516D88BD700C2CBB1 /* SBJsonStreamWriter.h */ = {isa = PBXFileReference; fileEncoding = 4; lastKnownFileType = sourcecode.c.h; name = SBJsonStreamWriter.h; path = ../../SBJsonStreamWriter.h; sourceTree = "<group>"; };
		9E55AE3616D88BD700C2CBB1 /* SBJsonStreamWriter.m */ = {isa = PBXFileReference; fileEncoding = 4; lastKnownFileType = sourcecode.c.objc; name = SBJsonStreamWriter.m; path = ../../SBJsonStreamWriter.m; sourceTree = "<group>"; };
		9E55AE3716D88BD700C2CBB1 /* SBJsonStreamWriterAccumulator.h */ = {isa = PBXFileReference; fileEncoding = 4; lastKnownFileType = sourcecode.c.h; name = SBJsonStreamWriterAccumulator.h; path = ../../SBJsonStreamWriterAccumulator.h; sourceTree = "<group>"; };
		9E55AE3816D88BD700C2CBB1 /* SBJsonStreamWriterAccumulator.m */ = {isa = PBXFileReference; fileEncoding = 4; lastKnownFileType = sourcecode.c.objc; name = SBJsonStreamWriterAccumulator.m; path = ../../SBJsonStreamWriterAccumulator.m; sourceTree = "<group>"; };
		9E55AE3916D88BD700C2CBB1 /* SBJsonStreamWriterState.h */ = {isa = PBXFileReference; fileEncoding = 4; lastKnownFileType = sourcecode.c.h; name = SBJsonStreamWriterState.h; path = ../../SBJsonStreamWriterState.h; sourceTree = "<group>"; };
		9E55AE3A16D88BD700C2CBB1 /* SBJsonStreamWriterState.m */ = {isa = PBXFileReference; fileEncoding = 4; lastKnownFileType = sourcecode.c.objc; name = SBJsonStreamWriterState.m; path = ../../SBJsonStreamWriterState.m; sourceTree = "<group>"; };
		9E55AE3B16D88BD700C2CBB1 /* SBJsonTokeniser.h */ = {isa = PBXFileReference; fileEncoding = 4; lastKnownFileType = sourcecode.c.h; name = SBJsonTokeniser.h; path = ../../SBJsonTokeniser.h; sourceTree = "<group>"; };
		9E55AE3C16D88BD700C2CBB1 /* SBJsonTokeniser.m */ = {isa = PBXFileReference; fileEncoding = 4; lastKnownFileType = sourcecode.c.objc; name = SBJsonTokeniser.m; path = ../../SBJsonTokeniser.m; sourceTree = "<group>"; };
		9E55AE3D16D88BD700C2CBB1 /* SBJsonUTF8Stream.h */ = {isa = PBXFileReference; fileEncoding = 4; lastKnownFileType = sourcecode.c.h; name = SBJsonUTF8Stream.h; path = ../../SBJsonUTF8Stream.h; sourceTree = "<group>"; };
		9E55AE3E16D88BD700C2CBB1 /* SBJsonUTF8Stream.m */ = {isa = PBXFileReference; fileEncoding = 4; lastKnownFileType = sourcecode.c.objc; name = SBJsonUTF8Stream.m; path = ../../SBJsonUTF8Stream.m; sourceTree = "<group>"; };
		9E55AE3F16D88BD700C2CBB1 /* SBJsonWriter.h */ = {isa = PBXFileReference; fileEncoding = 4; lastKnownFileType = sourcecode.c.h; name = SBJsonWriter.h; path = ../../SBJsonWriter.h; sourceTree = "<group>"; };
		9E55AE4016D88BD700C2CBB1 /* SBJsonWriter.m */ = {isa = PBXFileReference; fileEncoding = 4; lastKnownFileType = sourcecode.c.objc; name = SBJsonWriter.m; path = ../../SBJsonWriter.m; sourceTree = "<group>"; };
		9E55AE5A16D88D6200C2CBB1 /* Readme.rtf */ = {isa = PBXFileReference; fileEncoding = 4; lastKnownFileType = text.rtf; path = Readme.rtf; sourceTree = "<group>"; };
		9E8C40331975F10A00DC66C4 /* app-notes.txt */ = {isa = PBXFileReference; fileEncoding = 4; lastKnownFileType = text; path = "app-notes.txt"; sourceTree = "<group>"; };
		9EE5B81D16E457CB00D0D311 /* Settings.bundle */ = {isa = PBXFileReference; lastKnownFileType = "wrapper.plug-in"; path = Settings.bundle; sourceTree = "<group>"; };
/* End PBXFileReference section */

/* Begin PBXFrameworksBuildPhase section */
		1D60588F0D05DD3D006BFB54 /* Frameworks */ = {
			isa = PBXFrameworksBuildPhase;
			buildActionMask = 2147483647;
			files = (
				65A1577621594EDC009DC910 /* CoreBluetooth.framework in Frameworks */,
				65D9EDBE2142E8A800F43C5E /* WebKit.framework in Frameworks */,
				650EFB631E4FE6A00053F3DE /* CoreTelephony.framework in Frameworks */,
				650EFB481E4FDEE30053F3DE /* ExternalAccessory.framework in Frameworks */,
				1D60589F0D05DD5A006BFB54 /* Foundation.framework in Frameworks */,
				1DF5F4E00D08C38300B7A737 /* UIKit.framework in Frameworks */,
				288765FD0DF74451002DB57D /* CoreGraphics.framework in Frameworks */,
				301BF5B5109A6A2B0062928A /* AddressBook.framework in Frameworks */,
				301BF5B7109A6A2B0062928A /* AddressBookUI.framework in Frameworks */,
				301BF5B9109A6A2B0062928A /* AudioToolbox.framework in Frameworks */,
				301BF5BB109A6A2B0062928A /* AVFoundation.framework in Frameworks */,
				301BF5BD109A6A2B0062928A /* CFNetwork.framework in Frameworks */,
				301BF5BF109A6A2B0062928A /* CoreLocation.framework in Frameworks */,
				301BF5C1109A6A2B0062928A /* MediaPlayer.framework in Frameworks */,
				301BF5C3109A6A2B0062928A /* QuartzCore.framework in Frameworks */,
				301BF5C5109A6A2B0062928A /* SystemConfiguration.framework in Frameworks */,
				305D5FD1115AB8F900A74A75 /* MobileCoreServices.framework in Frameworks */,
				30E5649213A7FCAF007403D8 /* CoreMedia.framework in Frameworks */,
			);
			runOnlyForDeploymentPostprocessing = 0;
		};
/* End PBXFrameworksBuildPhase section */

/* Begin PBXGroup section */
		080E96DDFE201D6D7F000001 /* Classes */ = {
			isa = PBXGroup;
			children = (
				9E4B9AA016E5D49200538D9E /* EGOCache.h */,
				9E4B9AA116E5D49200538D9E /* EGOCache.m */,
				9E55AE5916D88C2400C2CBB1 /* SBJson */,
				302D95EE14D2391D003F00A1 /* MainViewController.h */,
				302D95EF14D2391D003F00A1 /* MainViewController.m */,
				6591E2A323E61501006B38F0 /* MainViewController.xib */,
				1D3623240D0F684500981E51 /* AppDelegate.h */,
				1D3623250D0F684500981E51 /* AppDelegate.m */,
				9E55AE1516D73EB500C2CBB1 /* ZebraPrint.h */,
				9E55AE1616D73EB500C2CBB1 /* ZebraPrint.m */,
				65A1577121594DFB009DC910 /* RKBLEZebraPrint.h */,
				65A1577221594DFB009DC910 /* RKBLEZebraPrint.m */,
				65996183215AAEFC0065A094 /* SettingsViewController.h */,
				65996184215AAEFC0065A094 /* SettingsViewController.m */,
				65996185215AAEFC0065A094 /* SettingsViewController.xib */,
				659973FD225569A40059174E /* FastSocket.h */,
				659973FE225569A40059174E /* FastSocket.m */,
				653446F923D3A71F00B20D23 /* CameraViewController.h */,
				653446FA23D3A71F00B20D23 /* CameraViewController.m */,
				653446FB23D3A71F00B20D23 /* CameraViewController.xib */,
				653446FE23D3E82600B20D23 /* UIColor+HexString.h */,
				653446FF23D3E82600B20D23 /* UIColor+HexString.m */,
				6534470123D522F300B20D23 /* RKNativeJSBridge.h */,
				6534470223D522F300B20D23 /* RKNativeJSBridge.m */,
				65703CCB23D67BB500ABF0FB /* RKNativeJSCommand.h */,
				65703CCC23D67BB600ABF0FB /* RKNativeJSCommand.m */,
				6591E2A523E61A3A006B38F0 /* InitialSetupViewController.h */,
				6591E2A623E61A3A006B38F0 /* InitialSetupViewController.m */,
				6591E2A723E61A3A006B38F0 /* InitialSetupViewController.xib */,
				65C56F4123E7918E004C265F /* WKWebViewUIDelegate.h */,
				65C56F4223E7918E004C265F /* WKWebViewUIDelegate.m */,
			);
			name = Classes;
			path = RockCheckin/Classes;
			sourceTree = SOURCE_ROOT;
		};
		19C28FACFE9D520D11CA2CBB /* Products */ = {
			isa = PBXGroup;
			children = (
				1D6058910D05DD3D006BFB54 /* Rock Check-in.app */,
			);
			name = Products;
			sourceTree = "<group>";
		};
		29B97314FDCFA39411CA2CEA /* CustomTemplate */ = {
			isa = PBXGroup;
			children = (
				65AADE291E89EB2D00587E37 /* app-review-notes.txt */,
				9E8C40331975F10A00DC66C4 /* app-notes.txt */,
				9EE5B81D16E457CB00D0D311 /* Settings.bundle */,
				9E55AE5A16D88D6200C2CBB1 /* Readme.rtf */,
				301BF56E109A69640062928A /* www */,
				080E96DDFE201D6D7F000001 /* Classes */,
				29B97315FDCFA39411CA2CEA /* Other Sources */,
				29B97317FDCFA39411CA2CEA /* Resources */,
				29B97323FDCFA39411CA2CEA /* Frameworks */,
				19C28FACFE9D520D11CA2CBB /* Products */,
			);
			name = CustomTemplate;
			sourceTree = "<group>";
		};
		29B97315FDCFA39411CA2CEA /* Other Sources */ = {
			isa = PBXGroup;
			children = (
				32CA4F630368D1EE00C91783 /* RockCheckin-Prefix.pch */,
				29B97316FDCFA39411CA2CEA /* main.m */,
			);
			name = "Other Sources";
			path = RockCheckin;
			sourceTree = "<group>";
		};
		29B97317FDCFA39411CA2CEA /* Resources */ = {
			isa = PBXGroup;
			children = (
				650EC57C24842884000A8E4A /* Camera.wav */,
				650EFB6B1E52606E0053F3DE /* Images.xcassets */,
				8D1107310486CEB800E47090 /* RockCheckin-Info.plist */,
			);
			name = Resources;
			path = RockCheckin;
			sourceTree = "<group>";
		};
		29B97323FDCFA39411CA2CEA /* Frameworks */ = {
			isa = PBXGroup;
			children = (
				65A1577521594EDC009DC910 /* CoreBluetooth.framework */,
				65D9EDBD2142E8A800F43C5E /* WebKit.framework */,
				650EFB621E4FE6A00053F3DE /* CoreTelephony.framework */,
				650EFB471E4FDEE30053F3DE /* ExternalAccessory.framework */,
				1DF5F4DF0D08C38300B7A737 /* UIKit.framework */,
				1D30AB110D05D00D00671497 /* Foundation.framework */,
				288765FC0DF74451002DB57D /* CoreGraphics.framework */,
				301BF5B4109A6A2B0062928A /* AddressBook.framework */,
				301BF5B6109A6A2B0062928A /* AddressBookUI.framework */,
				301BF5B8109A6A2B0062928A /* AudioToolbox.framework */,
				301BF5BA109A6A2B0062928A /* AVFoundation.framework */,
				301BF5BC109A6A2B0062928A /* CFNetwork.framework */,
				301BF5BE109A6A2B0062928A /* CoreLocation.framework */,
				301BF5C0109A6A2B0062928A /* MediaPlayer.framework */,
				301BF5C2109A6A2B0062928A /* QuartzCore.framework */,
				301BF5C4109A6A2B0062928A /* SystemConfiguration.framework */,
				305D5FD0115AB8F900A74A75 /* MobileCoreServices.framework */,
				30E5649113A7FCAF007403D8 /* CoreMedia.framework */,
			);
			name = Frameworks;
			sourceTree = "<group>";
		};
		9E55AE5916D88C2400C2CBB1 /* SBJson */ = {
			isa = PBXGroup;
			children = (
				9E55AE2816D88BD700C2CBB1 /* NSObject+SBJson.h */,
				9E55AE2916D88BD700C2CBB1 /* NSObject+SBJson.m */,
				9E55AE2A16D88BD700C2CBB1 /* SBJson.h */,
				9E55AE2B16D88BD700C2CBB1 /* SBJsonParser.h */,
				9E55AE2C16D88BD700C2CBB1 /* SBJsonParser.m */,
				9E55AE2D16D88BD700C2CBB1 /* SBJsonStreamParser.h */,
				9E55AE2E16D88BD700C2CBB1 /* SBJsonStreamParser.m */,
				9E55AE2F16D88BD700C2CBB1 /* SBJsonStreamParserAccumulator.h */,
				9E55AE3016D88BD700C2CBB1 /* SBJsonStreamParserAccumulator.m */,
				9E55AE3116D88BD700C2CBB1 /* SBJsonStreamParserAdapter.h */,
				9E55AE3216D88BD700C2CBB1 /* SBJsonStreamParserAdapter.m */,
				9E55AE3316D88BD700C2CBB1 /* SBJsonStreamParserState.h */,
				9E55AE3416D88BD700C2CBB1 /* SBJsonStreamParserState.m */,
				9E55AE3516D88BD700C2CBB1 /* SBJsonStreamWriter.h */,
				9E55AE3616D88BD700C2CBB1 /* SBJsonStreamWriter.m */,
				9E55AE3716D88BD700C2CBB1 /* SBJsonStreamWriterAccumulator.h */,
				9E55AE3816D88BD700C2CBB1 /* SBJsonStreamWriterAccumulator.m */,
				9E55AE3916D88BD700C2CBB1 /* SBJsonStreamWriterState.h */,
				9E55AE3A16D88BD700C2CBB1 /* SBJsonStreamWriterState.m */,
				9E55AE3B16D88BD700C2CBB1 /* SBJsonTokeniser.h */,
				9E55AE3C16D88BD700C2CBB1 /* SBJsonTokeniser.m */,
				9E55AE3D16D88BD700C2CBB1 /* SBJsonUTF8Stream.h */,
				9E55AE3E16D88BD700C2CBB1 /* SBJsonUTF8Stream.m */,
				9E55AE3F16D88BD700C2CBB1 /* SBJsonWriter.h */,
				9E55AE4016D88BD700C2CBB1 /* SBJsonWriter.m */,
			);
			name = SBJson;
			sourceTree = "<group>";
		};
/* End PBXGroup section */

/* Begin PBXNativeTarget section */
		1D6058900D05DD3D006BFB54 /* RockCheckin */ = {
			isa = PBXNativeTarget;
			buildConfigurationList = 1D6058960D05DD3E006BFB54 /* Build configuration list for PBXNativeTarget "RockCheckin" */;
			buildPhases = (
				65B1CA3A1E7CA440005BCE9E /* Bump Build Number */,
				304B58A110DAC018002A0835 /* Touch www folder */,
				1D60588D0D05DD3D006BFB54 /* Resources */,
				1D60588E0D05DD3D006BFB54 /* Sources */,
				1D60588F0D05DD3D006BFB54 /* Frameworks */,
			);
			buildRules = (
			);
			dependencies = (
			);
			name = RockCheckin;
			productName = RockCheckin;
			productReference = 1D6058910D05DD3D006BFB54 /* Rock Check-in.app */;
			productType = "com.apple.product-type.application";
		};
/* End PBXNativeTarget section */

/* Begin PBXProject section */
		29B97313FDCFA39411CA2CEA /* Project object */ = {
			isa = PBXProject;
			attributes = {
				LastUpgradeCheck = 1020;
				TargetAttributes = {
					1D6058900D05DD3D006BFB54 = {
						DevelopmentTeam = QG6N59LRU9;
						ProvisioningStyle = Automatic;
					};
				};
			};
			buildConfigurationList = C01FCF4E08A954540054247B /* Build configuration list for PBXProject "RockCheckin" */;
			compatibilityVersion = "Xcode 3.2";
			developmentRegion = en;
			hasScannedForEncodings = 1;
			knownRegions = (
				ja,
				en,
				fr,
				de,
				Base,
			);
			mainGroup = 29B97314FDCFA39411CA2CEA /* CustomTemplate */;
			productRefGroup = 19C28FACFE9D520D11CA2CBB /* Products */;
			projectDirPath = "";
			projectRoot = "";
			targets = (
				1D6058900D05DD3D006BFB54 /* RockCheckin */,
			);
		};
/* End PBXProject section */

/* Begin PBXResourcesBuildPhase section */
		1D60588D0D05DD3D006BFB54 /* Resources */ = {
			isa = PBXResourcesBuildPhase;
			buildActionMask = 2147483647;
			files = (
				65996187215AAEFC0065A094 /* SettingsViewController.xib in Resources */,
				301BF570109A69640062928A /* www in Resources */,
				6591E2A923E61A3A006B38F0 /* InitialSetupViewController.xib in Resources */,
				650EFB6C1E52606E0053F3DE /* Images.xcassets in Resources */,
				9E8C40341975F10A00DC66C4 /* app-notes.txt in Resources */,
				9E55AE5B16D88D6200C2CBB1 /* Readme.rtf in Resources */,
				6591E2A423E61501006B38F0 /* MainViewController.xib in Resources */,
				650EC57D24842884000A8E4A /* Camera.wav in Resources */,
				9EE5B81E16E457CB00D0D311 /* Settings.bundle in Resources */,
				653446FD23D3A71F00B20D23 /* CameraViewController.xib in Resources */,
			);
			runOnlyForDeploymentPostprocessing = 0;
		};
/* End PBXResourcesBuildPhase section */

/* Begin PBXShellScriptBuildPhase section */
		304B58A110DAC018002A0835 /* Touch www folder */ = {
			isa = PBXShellScriptBuildPhase;
			buildActionMask = 2147483647;
			files = (
			);
			inputPaths = (
			);
			name = "Touch www folder";
			outputPaths = (
			);
			runOnlyForDeploymentPostprocessing = 0;
			shellPath = /bin/sh;
			shellScript = "touch -cm ${PROJECT_DIR}/www";
		};
		65B1CA3A1E7CA440005BCE9E /* Bump Build Number */ = {
			isa = PBXShellScriptBuildPhase;
			buildActionMask = 2147483647;
			files = (
			);
			inputPaths = (
			);
			name = "Bump Build Number";
			outputPaths = (
			);
			runOnlyForDeploymentPostprocessing = 0;
			shellPath = /bin/sh;
			shellScript = "buildNumber=$(/usr/libexec/PlistBuddy -c \"Print CFBundleVersion\" \"${PROJECT_DIR}/${INFOPLIST_FILE}\")\nbuildNumber=$(($buildNumber + 1))\n/usr/libexec/PlistBuddy -c \"Set :CFBundleVersion $buildNumber\" \"${PROJECT_DIR}/${INFOPLIST_FILE}\"";
		};
/* End PBXShellScriptBuildPhase section */

/* Begin PBXSourcesBuildPhase section */
		1D60588E0D05DD3D006BFB54 /* Sources */ = {
			isa = PBXSourcesBuildPhase;
			buildActionMask = 2147483647;
			files = (
				1D60589B0D05DD56006BFB54 /* main.m in Sources */,
				653446FC23D3A71F00B20D23 /* CameraViewController.m in Sources */,
				1D3623260D0F684500981E51 /* AppDelegate.m in Sources */,
				302D95F114D2391D003F00A1 /* MainViewController.m in Sources */,
				6534470323D522F300B20D23 /* RKNativeJSBridge.m in Sources */,
				659973FF225569A40059174E /* FastSocket.m in Sources */,
				65996186215AAEFC0065A094 /* SettingsViewController.m in Sources */,
				9E55AE1716D73EB500C2CBB1 /* ZebraPrint.m in Sources */,
				9E55AE4116D88BD700C2CBB1 /* NSObject+SBJson.m in Sources */,
				65703CCD23D67BB600ABF0FB /* RKNativeJSCommand.m in Sources */,
				6534470023D3E82600B20D23 /* UIColor+HexString.m in Sources */,
				9E55AE4216D88BD700C2CBB1 /* SBJsonParser.m in Sources */,
				65A1577321594DFB009DC910 /* RKBLEZebraPrint.m in Sources */,
				9E55AE4316D88BD700C2CBB1 /* SBJsonStreamParser.m in Sources */,
				9E55AE4416D88BD700C2CBB1 /* SBJsonStreamParserAccumulator.m in Sources */,
				9E55AE4516D88BD700C2CBB1 /* SBJsonStreamParserAdapter.m in Sources */,
				65C56F4323E7918E004C265F /* WKWebViewUIDelegate.m in Sources */,
				9E55AE4616D88BD700C2CBB1 /* SBJsonStreamParserState.m in Sources */,
				9E55AE4716D88BD700C2CBB1 /* SBJsonStreamWriter.m in Sources */,
				9E55AE4816D88BD700C2CBB1 /* SBJsonStreamWriterAccumulator.m in Sources */,
				9E55AE4916D88BD700C2CBB1 /* SBJsonStreamWriterState.m in Sources */,
				9E55AE4A16D88BD700C2CBB1 /* SBJsonTokeniser.m in Sources */,
				9E55AE4B16D88BD700C2CBB1 /* SBJsonUTF8Stream.m in Sources */,
				9E55AE4C16D88BD700C2CBB1 /* SBJsonWriter.m in Sources */,
				6591E2A823E61A3A006B38F0 /* InitialSetupViewController.m in Sources */,
				9E4B9AA216E5D49200538D9E /* EGOCache.m in Sources */,
			);
			runOnlyForDeploymentPostprocessing = 0;
		};
/* End PBXSourcesBuildPhase section */

/* Begin XCBuildConfiguration section */
		1D6058940D05DD3E006BFB54 /* Debug */ = {
			isa = XCBuildConfiguration;
			buildSettings = {
				ALWAYS_SEARCH_USER_PATHS = NO;
				ASSETCATALOG_COMPILER_APPICON_NAME = AppIcon;
				ASSETCATALOG_COMPILER_LAUNCHIMAGE_NAME = LaunchImage;
				CODE_SIGN_IDENTITY = "iPhone Developer";
				CODE_SIGN_STYLE = Automatic;
				COPY_PHASE_STRIP = NO;
				DEVELOPMENT_TEAM = QG6N59LRU9;
				GCC_DYNAMIC_NO_PIC = NO;
				GCC_OPTIMIZATION_LEVEL = 0;
				GCC_PRECOMPILE_PREFIX_HEADER = YES;
				GCC_PREFIX_HEADER = "RockCheckin/RockCheckin-Prefix.pch";
				GCC_THUMB_SUPPORT = NO;
				GCC_VERSION = com.apple.compilers.llvm.clang.1_0;
				INFOPLIST_FILE = "RockCheckin/RockCheckin-Info.plist";
				IPHONEOS_DEPLOYMENT_TARGET = 10.0;
				MARKETING_VERSION = 1.8;
				OTHER_LDFLAGS = (
					"-weak_framework",
					CoreFoundation,
					"-weak_framework",
					UIKit,
					"-weak_framework",
					AVFoundation,
					"-weak_framework",
					CoreMedia,
					"-weak-lSystem",
					"-all_load",
					"-Obj-C",
				);
				PRODUCT_BUNDLE_IDENTIFIER = org.sparkdevnetwork.checkin;
				PRODUCT_NAME = "Rock Check-in";
				PROVISIONING_PROFILE = "";
				PROVISIONING_PROFILE_SPECIFIER = "";
				TARGETED_DEVICE_FAMILY = 2;
				VERSIONING_SYSTEM = "apple-generic";
			};
			name = Debug;
		};
		1D6058950D05DD3E006BFB54 /* Release */ = {
			isa = XCBuildConfiguration;
			buildSettings = {
				ALWAYS_SEARCH_USER_PATHS = NO;
				ASSETCATALOG_COMPILER_APPICON_NAME = AppIcon;
				ASSETCATALOG_COMPILER_LAUNCHIMAGE_NAME = LaunchImage;
				CODE_SIGN_IDENTITY = "iPhone Developer";
				CODE_SIGN_STYLE = Automatic;
				COPY_PHASE_STRIP = YES;
				DEVELOPMENT_TEAM = QG6N59LRU9;
				GCC_PRECOMPILE_PREFIX_HEADER = YES;
				GCC_PREFIX_HEADER = "RockCheckin/RockCheckin-Prefix.pch";
				GCC_THUMB_SUPPORT = NO;
				GCC_VERSION = com.apple.compilers.llvm.clang.1_0;
				INFOPLIST_FILE = "RockCheckin/RockCheckin-Info.plist";
				IPHONEOS_DEPLOYMENT_TARGET = 10.0;
				MARKETING_VERSION = 1.8;
				OTHER_LDFLAGS = (
					"-weak_framework",
					CoreFoundation,
					"-weak_framework",
					UIKit,
					"-weak_framework",
					AVFoundation,
					"-weak_framework",
					CoreMedia,
					"-weak-lSystem",
					"-all_load",
					"-Obj-C",
				);
				PRODUCT_BUNDLE_IDENTIFIER = org.sparkdevnetwork.checkin;
				PRODUCT_NAME = "Rock Check-in";
				PROVISIONING_PROFILE = "";
				PROVISIONING_PROFILE_SPECIFIER = "";
				TARGETED_DEVICE_FAMILY = 2;
				VERSIONING_SYSTEM = "apple-generic";
			};
			name = Release;
		};
		C01FCF4F08A954540054247B /* Debug */ = {
			isa = XCBuildConfiguration;
			buildSettings = {
				CLANG_ANALYZER_LOCALIZABILITY_NONLOCALIZED = YES;
				CLANG_ENABLE_OBJC_ARC = YES;
				CLANG_ENABLE_OBJC_WEAK = YES;
				CLANG_WARN_BLOCK_CAPTURE_AUTORELEASING = YES;
				CLANG_WARN_BOOL_CONVERSION = YES;
				CLANG_WARN_COMMA = YES;
				CLANG_WARN_CONSTANT_CONVERSION = YES;
				CLANG_WARN_DEPRECATED_OBJC_IMPLEMENTATIONS = NO;
				CLANG_WARN_EMPTY_BODY = YES;
				CLANG_WARN_ENUM_CONVERSION = YES;
				CLANG_WARN_INFINITE_RECURSION = YES;
				CLANG_WARN_INT_CONVERSION = YES;
				CLANG_WARN_NON_LITERAL_NULL_CONVERSION = YES;
				CLANG_WARN_OBJC_IMPLICIT_RETAIN_SELF = NO;
				CLANG_WARN_OBJC_LITERAL_CONVERSION = YES;
				CLANG_WARN_RANGE_LOOP_ANALYSIS = YES;
				CLANG_WARN_STRICT_PROTOTYPES = YES;
				CLANG_WARN_SUSPICIOUS_MOVE = YES;
				CLANG_WARN_UNREACHABLE_CODE = YES;
				CLANG_WARN__DUPLICATE_METHOD_MATCH = YES;
				ENABLE_BITCODE = NO;
				ENABLE_STRICT_OBJC_MSGSEND = YES;
				ENABLE_TESTABILITY = YES;
				GCC_C_LANGUAGE_STANDARD = c99;
				GCC_NO_COMMON_BLOCKS = YES;
				GCC_THUMB_SUPPORT = NO;
				GCC_WARN_64_TO_32_BIT_CONVERSION = YES;
				GCC_WARN_ABOUT_RETURN_TYPE = YES;
				GCC_WARN_UNDECLARED_SELECTOR = YES;
				GCC_WARN_UNINITIALIZED_AUTOS = YES;
				GCC_WARN_UNUSED_FUNCTION = YES;
				GCC_WARN_UNUSED_VARIABLE = YES;
				HEADER_SEARCH_PATHS = (
					"\"$(TARGET_BUILD_DIR)/usr/local/lib/include\"",
					"\"$(OBJROOT)/UninstalledProducts/$(PLATFORM_NAME)/include\"",
					"\"$(BUILT_PRODUCTS_DIR)\"",
					"$(OBJROOT)/UninstalledProducts/$(PLATFORM_NAME)/include",
				);
				IPHONEOS_DEPLOYMENT_TARGET = 10.0;
				ONLY_ACTIVE_ARCH = YES;
				OTHER_LDFLAGS = (
					"-weak_framework",
					CoreFoundation,
					"-weak_framework",
					UIKit,
					"-weak_framework",
					AVFoundation,
					"-weak_framework",
					CoreMedia,
					"-weak-lSystem",
					"-all_load",
					"-Obj-C",
				);
				SDKROOT = iphoneos;
				SKIP_INSTALL = NO;
			};
			name = Debug;
		};
		C01FCF5008A954540054247B /* Release */ = {
			isa = XCBuildConfiguration;
			buildSettings = {
				CLANG_ANALYZER_LOCALIZABILITY_NONLOCALIZED = YES;
				CLANG_ENABLE_OBJC_ARC = YES;
				CLANG_ENABLE_OBJC_WEAK = YES;
				CLANG_WARN_BLOCK_CAPTURE_AUTORELEASING = YES;
				CLANG_WARN_BOOL_CONVERSION = YES;
				CLANG_WARN_COMMA = YES;
				CLANG_WARN_CONSTANT_CONVERSION = YES;
				CLANG_WARN_DEPRECATED_OBJC_IMPLEMENTATIONS = NO;
				CLANG_WARN_EMPTY_BODY = YES;
				CLANG_WARN_ENUM_CONVERSION = YES;
				CLANG_WARN_INFINITE_RECURSION = YES;
				CLANG_WARN_INT_CONVERSION = YES;
				CLANG_WARN_NON_LITERAL_NULL_CONVERSION = YES;
				CLANG_WARN_OBJC_IMPLICIT_RETAIN_SELF = NO;
				CLANG_WARN_OBJC_LITERAL_CONVERSION = YES;
				CLANG_WARN_RANGE_LOOP_ANALYSIS = YES;
				CLANG_WARN_STRICT_PROTOTYPES = YES;
				CLANG_WARN_SUSPICIOUS_MOVE = YES;
				CLANG_WARN_UNREACHABLE_CODE = YES;
				CLANG_WARN__DUPLICATE_METHOD_MATCH = YES;
				ENABLE_BITCODE = NO;
				ENABLE_STRICT_OBJC_MSGSEND = YES;
				GCC_C_LANGUAGE_STANDARD = c99;
				GCC_NO_COMMON_BLOCKS = YES;
				GCC_THUMB_SUPPORT = NO;
				GCC_WARN_64_TO_32_BIT_CONVERSION = YES;
				GCC_WARN_ABOUT_RETURN_TYPE = YES;
				GCC_WARN_UNDECLARED_SELECTOR = YES;
				GCC_WARN_UNINITIALIZED_AUTOS = YES;
				GCC_WARN_UNUSED_FUNCTION = YES;
				GCC_WARN_UNUSED_VARIABLE = YES;
				HEADER_SEARCH_PATHS = (
					"\"$(TARGET_BUILD_DIR)/usr/local/lib/include\"",
					"\"$(OBJROOT)/UninstalledProducts/$(PLATFORM_NAME)/include\"",
					"\"$(BUILT_PRODUCTS_DIR)\"",
					"$(OBJROOT)/UninstalledProducts/$(PLATFORM_NAME)/include",
				);
				IPHONEOS_DEPLOYMENT_TARGET = 10.0;
				OTHER_LDFLAGS = (
					"-weak_framework",
					CoreFoundation,
					"-weak_framework",
					UIKit,
					"-weak_framework",
					AVFoundation,
					"-weak_framework",
					CoreMedia,
					"-weak-lSystem",
					"-all_load",
					"-Obj-C",
				);
				SDKROOT = iphoneos;
				SKIP_INSTALL = NO;
			};
			name = Release;
		};
/* End XCBuildConfiguration section */

/* Begin XCConfigurationList section */
		1D6058960D05DD3E006BFB54 /* Build configuration list for PBXNativeTarget "RockCheckin" */ = {
			isa = XCConfigurationList;
			buildConfigurations = (
				1D6058940D05DD3E006BFB54 /* Debug */,
				1D6058950D05DD3E006BFB54 /* Release */,
			);
			defaultConfigurationIsVisible = 0;
			defaultConfigurationName = Release;
		};
		C01FCF4E08A954540054247B /* Build configuration list for PBXProject "RockCheckin" */ = {
			isa = XCConfigurationList;
			buildConfigurations = (
				C01FCF4F08A954540054247B /* Debug */,
				C01FCF5008A954540054247B /* Release */,
			);
			defaultConfigurationIsVisible = 0;
			defaultConfigurationName = Release;
		};
/* End XCConfigurationList section */
	};
	rootObject = 29B97313FDCFA39411CA2CEA /* Project object */;
}
